
Microsoft Visual Studio Solution File, Format Version 12.00
# Visual Studio Version 17
VisualStudioVersion = 17.3.32929.385
MinimumVisualStudioVersion = 10.0.40219.1
Project("{9A19103F-16F7-4668-BE54-9A1E7A4F7556}") = "GradeSystem.v1.Server", "GradeSystem.v1\Server\GradeSystem.v1.Server.csproj", "{7732EB21-5710-48AB-83D1-058D29F9BAAB}"
EndProject
Project("{9A19103F-16F7-4668-BE54-9A1E7A4F7556}") = "GradeSystem.v1.Client", "GradeSystem.v1\Client\GradeSystem.v1.Client.csproj", "{30AB8CAF-A9F0-4A60-8C60-1E43F6841460}"
EndProject
Project("{9A19103F-16F7-4668-BE54-9A1E7A4F7556}") = "GradeSystem.v1.Shared", "GradeSystem.v1\Shared\GradeSystem.v1.Shared.csproj", "{EAC03B4C-A283-4F51-AFCE-F22E151C7E8C}"
EndProject
Global
	GlobalSection(SolutionConfigurationPlatforms) = preSolution
		Debug|Any CPU = Debug|Any CPU
		Release|Any CPU = Release|Any CPU
	EndGlobalSection
	GlobalSection(ProjectConfigurationPlatforms) = postSolution
		{7732EB21-5710-48AB-83D1-058D29F9BAAB}.Debug|Any CPU.ActiveCfg = Debug|Any CPU
		{7732EB21-5710-48AB-83D1-058D29F9BAAB}.Debug|Any CPU.Build.0 = Debug|Any CPU
		{7732EB21-5710-48AB-83D1-058D29F9BAAB}.Release|Any CPU.ActiveCfg = Release|Any CPU
		{7732EB21-5710-48AB-83D1-058D29F9BAAB}.Release|Any CPU.Build.0 = Release|Any CPU
		{30AB8CAF-A9F0-4A60-8C60-1E43F6841460}.Debug|Any CPU.ActiveCfg = Debug|Any CPU
		{30AB8CAF-A9F0-4A60-8C60-1E43F6841460}.Debug|Any CPU.Build.0 = Debug|Any CPU
		{30AB8CAF-A9F0-4A60-8C60-1E43F6841460}.Release|Any CPU.ActiveCfg = Release|Any CPU
		{30AB8CAF-A9F0-4A60-8C60-1E43F6841460}.Release|Any CPU.Build.0 = Release|Any CPU
		{EAC03B4C-A283-4F51-AFCE-F22E151C7E8C}.Debug|Any CPU.ActiveCfg = Debug|Any CPU
		{EAC03B4C-A283-4F51-AFCE-F22E151C7E8C}.Debug|Any CPU.Build.0 = Debug|Any CPU
		{EAC03B4C-A283-4F51-AFCE-F22E151C7E8C}.Release|Any CPU.ActiveCfg = Release|Any CPU
		{EAC03B4C-A283-4F51-AFCE-F22E151C7E8C}.Release|Any CPU.Build.0 = Release|Any CPU
	EndGlobalSection
	GlobalSection(SolutionProperties) = preSolution
		HideSolutionNode = FALSE
	EndGlobalSection
	GlobalSection(ExtensibilityGlobals) = postSolution
		SolutionGuid = {40114888-1D88-4384-B142-B65CB7D48677}
	EndGlobalSection
EndGlobal
